// !$*UTF8*$!
{
	archiveVersion = 1;
	classes = {
	};
	objectVersion = 50;
	objects = {

/* Begin PBXBuildFile section */
		BE31D12A261D691C00537DB7 /* AppDelegate.m in Sources */ = {isa = PBXBuildFile; fileRef = BE31D129261D691C00537DB7 /* AppDelegate.m */; };
		BE31D12D261D691C00537DB7 /* SceneDelegate.m in Sources */ = {isa = PBXBuildFile; fileRef = BE31D12C261D691C00537DB7 /* SceneDelegate.m */; };
		BE31D130261D691C00537DB7 /* ViewController.m in Sources */ = {isa = PBXBuildFile; fileRef = BE31D12F261D691C00537DB7 /* ViewController.m */; };
		BE31D133261D691C00537DB7 /* Main.storyboard in Resources */ = {isa = PBXBuildFile; fileRef = BE31D131261D691C00537DB7 /* Main.storyboard */; };
		BE31D135261D691F00537DB7 /* Assets.xcassets in Resources */ = {isa = PBXBuildFile; fileRef = BE31D134261D691F00537DB7 /* Assets.xcassets */; };
		BE31D138261D691F00537DB7 /* LaunchScreen.storyboard in Resources */ = {isa = PBXBuildFile; fileRef = BE31D136261D691F00537DB7 /* LaunchScreen.storyboard */; };
		BE31D13B261D691F00537DB7 /* main.m in Sources */ = {isa = PBXBuildFile; fileRef = BE31D13A261D691F00537DB7 /* main.m */; };
/* End PBXBuildFile section */

/* Begin PBXFileReference section */
		BE31D125261D691C00537DB7 /* OCTestDemo.app */ = {isa = PBXFileReference; explicitFileType = wrapper.application; includeInIndex = 0; path = OCTestDemo.app; sourceTree = BUILT_PRODUCTS_DIR; };
		BE31D128261D691C00537DB7 /* AppDelegate.h */ = {isa = PBXFileReference; lastKnownFileType = sourcecode.c.h; path = AppDelegate.h; sourceTree = "<group>"; };
		BE31D129261D691C00537DB7 /* AppDelegate.m */ = {isa = PBXFileReference; lastKnownFileType = sourcecode.c.objc; path = AppDelegate.m; sourceTree = "<group>"; };
		BE31D12B261D691C00537DB7 /* SceneDelegate.h */ = {isa = PBXFileReference; lastKnownFileType = sourcecode.c.h; path = SceneDelegate.h; sourceTree = "<group>"; };
		BE31D12C261D691C00537DB7 /* SceneDelegate.m */ = {isa = PBXFileReference; lastKnownFileType = sourcecode.c.objc; path = SceneDelegate.m; sourceTree = "<group>"; };
		BE31D12E261D691C00537DB7 /* ViewController.h */ = {isa = PBXFileReference; lastKnownFileType = sourcecode.c.h; path = ViewController.h; sourceTree = "<group>"; };
		BE31D12F261D691C00537DB7 /* ViewController.m */ = {isa = PBXFileReference; lastKnownFileType = sourcecode.c.objc; path = ViewController.m; sourceTree = "<group>"; };
		BE31D132261D691C00537DB7 /* Base */ = {isa = PBXFileReference; lastKnownFileType = file.storyboard; name = Base; path = Base.lproj/Main.storyboard; sourceTree = "<group>"; };
		BE31D134261D691F00537DB7 /* Assets.xcassets */ = {isa = PBXFileReference; lastKnownFileType = folder.assetcatalog; path = Assets.xcassets; sourceTree = "<group>"; };
		BE31D137261D691F00537DB7 /* Base */ = {isa = PBXFileReference; lastKnownFileType = file.storyboard; name = Base; path = Base.lproj/LaunchScreen.storyboard; sourceTree = "<group>"; };
		BE31D139261D691F00537DB7 /* Info.plist */ = {isa = PBXFileReference; lastKnownFileType = text.plist.xml; path = Info.plist; sourceTree = "<group>"; };
		BE31D13A261D691F00537DB7 /* main.m */ = {isa = PBXFileReference; lastKnownFileType = sourcecode.c.objc; path = main.m; sourceTree = "<group>"; };
/* End PBXFileReference section */

/* Begin PBXFrameworksBuildPhase section */
		BE31D122261D691C00537DB7 /* Frameworks */ = {
			isa = PBXFrameworksBuildPhase;
			buildActionMask = 2147483647;
			files = (
			);
			runOnlyForDeploymentPostprocessing = 0;
		};
/* End PBXFrameworksBuildPhase section */

/* Begin PBXGroup section */
		BE31D11C261D691C00537DB7 = {
			isa = PBXGroup;
			children = (
				BE31D127261D691C00537DB7 /* OCTestDemo */,
				BE31D126261D691C00537DB7 /* Products */,
			);
			sourceTree = "<group>";
		};
		BE31D126261D691C00537DB7 /* Products */ = {
			isa = PBXGroup;
			children = (
				BE31D125261D691C00537DB7 /* OCTestDemo.app */,
			);
			name = Products;
			sourceTree = "<group>";
		};
		BE31D127261D691C00537DB7 /* OCTestDemo */ = {
			isa = PBXGroup;
			children = (
				BE31D128261D691C00537DB7 /* AppDelegate.h */,
				BE31D129261D691C00537DB7 /* AppDelegate.m */,
				BE31D12B261D691C00537DB7 /* SceneDelegate.h */,
				BE31D12C261D691C00537DB7 /* SceneDelegate.m */,
				BE31D12E261D691C00537DB7 /* ViewController.h */,
				BE31D12F261D691C00537DB7 /* ViewController.m */,
				BE31D131261D691C00537DB7 /* Main.storyboard */,
				BE31D134261D691F00537DB7 /* Assets.xcassets */,
				BE31D136261D691F00537DB7 /* LaunchScreen.storyboard */,
				BE31D139261D691F00537DB7 /* Info.plist */,
				BE31D13A261D691F00537DB7 /* main.m */,
			);
			path = OCTestDemo;
			sourceTree = "<group>";
		};
/* End PBXGroup section */

/* Begin PBXNativeTarget section */
		BE31D124261D691C00537DB7 /* OCTestDemo */ = {
			isa = PBXNativeTarget;
			buildConfigurationList = BE31D13E261D691F00537DB7 /* Build configuration list for PBXNativeTarget "OCTestDemo" */;
			buildPhases = (
				BE31D121261D691C00537DB7 /* Sources */,
				BE31D122261D691C00537DB7 /* Frameworks */,
				BE31D123261D691C00537DB7 /* Resources */,
			);
			buildRules = (
			);
			dependencies = (
			);
			name = OCTestDemo;
			productName = OCTestDemo;
			productReference = BE31D125261D691C00537DB7 /* OCTestDemo.app */;
			productType = "com.apple.product-type.application";
		};
/* End PBXNativeTarget section */

/* Begin PBXProject section */
		BE31D11D261D691C00537DB7 /* Project object */ = {
			isa = PBXProject;
			attributes = {
				LastUpgradeCheck = 1240;
				TargetAttributes = {
					BE31D124261D691C00537DB7 = {
						CreatedOnToolsVersion = 12.4;
					};
				};
			};
			buildConfigurationList = BE31D120261D691C00537DB7 /* Build configuration list for PBXProject "OCTestDemo" */;
			compatibilityVersion = "Xcode 9.3";
			developmentRegion = en;
			hasScannedForEncodings = 0;
			knownRegions = (
				en,
				Base,
			);
			mainGroup = BE31D11C261D691C00537DB7;
			productRefGroup = BE31D126261D691C00537DB7 /* Products */;
			projectDirPath = "";
			projectRoot = "";
			targets = (
				BE31D124261D691C00537DB7 /* OCTestDemo */,
			);
		};
/* End PBXProject section */

/* Begin PBXResourcesBuildPhase section */
		BE31D123261D691C00537DB7 /* Resources */ = {
			isa = PBXResourcesBuildPhase;
			buildActionMask = 2147483647;
			files = (
				BE31D138261D691F00537DB7 /* LaunchScreen.storyboard in Resources */,
				BE31D135261D691F00537DB7 /* Assets.xcassets in Resources */,
				BE31D133261D691C00537DB7 /* Main.storyboard in Resources */,
			);
			runOnlyForDeploymentPostprocessing = 0;
		};
/* End PBXResourcesBuildPhase section */

/* Begin PBXSourcesBuildPhase section */
		BE31D121261D691C00537DB7 /* Sources */ = {
			isa = PBXSourcesBuildPhase;
			buildActionMask = 2147483647;
			files = (
				BE31D130261D691C00537DB7 /* ViewController.m in Sources */,
				BE31D12A261D691C00537DB7 /* AppDelegate.m in Sources */,
				BE31D13B261D691F00537DB7 /* main.m in Sources */,
				BE31D12D261D691C00537DB7 /* SceneDelegate.m in Sources */,
			);
			runOnlyForDeploymentPostprocessing = 0;
		};
/* End PBXSourcesBuildPhase section */

/* Begin PBXVariantGroup section */
		BE31D131261D691C00537DB7 /* Main.storyboard */ = {
			isa = PBXVariantGroup;
			children = (
				BE31D132261D691C00537DB7 /* Base */,
			);
			name = Main.storyboard;
			sourceTree = "<group>";
		};
		BE31D136261D691F00537DB7 /* LaunchScreen.storyboard */ = {
			isa = PBXVariantGroup;
			children = (
				BE31D137261D691F00537DB7 /* Base */,
			);
			name = LaunchScreen.storyboard;
			sourceTree = "<group>";
		};
/* End PBXVariantGroup section */

/* Begin XCBuildConfiguration section */
		BE31D13C261D691F00537DB7 /* Debug */ = {
			isa = XCBuildConfiguration;
			buildSettings = {
				ALWAYS_SEARCH_USER_PATHS = NO;
				CLANG_ANALYZER_NONNULL = YES;
				CLANG_ANALYZER_NUMBER_OBJECT_CONVERSION = YES_AGGRESSIVE;
				CLANG_CXX_LANGUAGE_STANDARD = "gnu++14";
				CLANG_CXX_LIBRARY = "libc++";
				CLANG_ENABLE_MODULES = YES;
				CLANG_ENABLE_OBJC_ARC = YES;
				CLANG_ENABLE_OBJC_WEAK = YES;
				CLANG_WARN_BLOCK_CAPTURE_AUTORELEASING = YES;
				CLANG_WARN_BOOL_CONVERSION = YES;
				CLANG_WARN_COMMA = YES;
				CLANG_WARN_CONSTANT_CONVERSION = YES;
				CLANG_WARN_DEPRECATED_OBJC_IMPLEMENTATIONS = YES;
				CLANG_WARN_DIRECT_OBJC_ISA_USAGE = YES_ERROR;
				CLANG_WARN_DOCUMENTATION_COMMENTS = YES;
				CLANG_WARN_EMPTY_BODY = YES;
				CLANG_WARN_ENUM_CONVERSION = YES;
				CLANG_WARN_INFINITE_RECURSION = YES;
				CLANG_WARN_INT_CONVERSION = YES;
				CLANG_WARN_NON_LITERAL_NULL_CONVERSION = YES;
				CLANG_WARN_OBJC_IMPLICIT_RETAIN_SELF = YES;
				CLANG_WARN_OBJC_LITERAL_CONVERSION = YES;
				CLANG_WARN_OBJC_ROOT_CLASS = YES_ERROR;
				CLANG_WARN_QUOTED_INCLUDE_IN_FRAMEWORK_HEADER = YES;
				CLANG_WARN_RANGE_LOOP_ANALYSIS = YES;
				CLANG_WARN_STRICT_PROTOTYPES = YES;
				CLANG_WARN_SUSPICIOUS_MOVE = YES;
				CLANG_WARN_UNGUARDED_AVAILABILITY = YES_AGGRESSIVE;
				CLANG_WARN_UNREACHABLE_CODE = YES;
				CLANG_WARN__DUPLICATE_METHOD_MATCH = YES;
				COPY_PHASE_STRIP = NO;
				DEBUG_INFORMATION_FORMAT = dwarf;
				ENABLE_STRICT_OBJC_MSGSEND = YES;
				ENABLE_TESTABILITY = YES;
				GCC_C_LANGUAGE_STANDARD = gnu11;
				GCC_DYNAMIC_NO_PIC = NO;
				GCC_NO_COMMON_BLOCKS = YES;
				GCC_OPTIMIZATION_LEVEL = 0;
				GCC_PREPROCESSOR_DEFINITIONS = (
					"DEBUG=1",
					"$(inherited)",
				);
				GCC_WARN_64_TO_32_BIT_CONVERSION = YES;
				GCC_WARN_ABOUT_RETURN_TYPE = YES_ERROR;
				GCC_WARN_UNDECLARED_SELECTOR = YES;
				GCC_WARN_UNINITIALIZED_AUTOS = YES_AGGRESSIVE;
				GCC_WARN_UNUSED_FUNCTION = YES;
				GCC_WARN_UNUSED_VARIABLE = YES;
				IPHONEOS_DEPLOYMENT_TARGET = 14.4;
				MTL_ENABLE_DEBUG_INFO = INCLUDE_SOURCE;
				MTL_FAST_MATH = YES;
				ONLY_ACTIVE_ARCH = YES;
				SDKROOT = iphoneos;
			};
			name = Debug;
		};
		BE31D13D261D691F00537DB7 /* Release */ = {
			isa = XCBuildConfiguration;
			buildSettings = {
				ALWAYS_SEARCH_USER_PATHS = NO;
				CLANG_ANALYZER_NONNULL = YES;
				CLANG_ANALYZER_NUMBER_OBJECT_CONVERSION = YES_AGGRESSIVE;
				CLANG_CXX_LANGUAGE_STANDARD = "gnu++14";
				CLANG_CXX_LIBRARY = "libc++";
				CLANG_ENABLE_MODULES = YES;
				CLANG_ENABLE_OBJC_ARC = YES;
				CLANG_ENABLE_OBJC_WEAK = YES;
				CLANG_WARN_BLOCK_CAPTURE_AUTORELEASING = YES;
				CLANG_WARN_BOOL_CONVERSION = YES;
				CLANG_WARN_COMMA = YES;
				CLANG_WARN_CONSTANT_CONVERSION = YES;
				CLANG_WARN_DEPRECATED_OBJC_IMPLEMENTATIONS = YES;
				CLANG_WARN_DIRECT_OBJC_ISA_USAGE = YES_ERROR;
				CLANG_WARN_DOCUMENTATION_COMMENTS = YES;
				CLANG_WARN_EMPTY_BODY = YES;
				CLANG_WARN_ENUM_CONVERSION = YES;
				CLANG_WARN_INFINITE_RECURSION = YES;
				CLANG_WARN_INT_CONVERSION = YES;
				CLANG_WARN_NON_LITERAL_NULL_CONVERSION = YES;
				CLANG_WARN_OBJC_IMPLICIT_RETAIN_SELF = YES;
				CLANG_WARN_OBJC_LITERAL_CONVERSION = YES;
				CLANG_WARN_OBJC_ROOT_CLASS = YES_ERROR;
				CLANG_WARN_QUOTED_INCLUDE_IN_FRAMEWORK_HEADER = YES;
				CLANG_WARN_RANGE_LOOP_ANALYSIS = YES;
				CLANG_WARN_STRICT_PROTOTYPES = YES;
				CLANG_WARN_SUSPICIOUS_MOVE = YES;
				CLANG_WARN_UNGUARDED_AVAILABILITY = YES_AGGRESSIVE;
				CLANG_WARN_UNREACHABLE_CODE = YES;
				CLANG_WARN__DUPLICATE_METHOD_MATCH = YES;
				COPY_PHASE_STRIP = NO;
				DEBUG_INFORMATION_FORMAT = "dwarf-with-dsym";
				ENABLE_NS_ASSERTIONS = NO;
				ENABLE_STRICT_OBJC_MSGSEND = YES;
				GCC_C_LANGUAGE_STANDARD = gnu11;
				GCC_NO_COMMON_BLOCKS = YES;
				GCC_WARN_64_TO_32_BIT_CONVERSION = YES;
				GCC_WARN_ABOUT_RETURN_TYPE = YES_ERROR;
				GCC_WARN_UNDECLARED_SELECTOR = YES;
				GCC_WARN_UNINITIALIZED_AUTOS = YES_AGGRESSIVE;
				GCC_WARN_UNUSED_FUNCTION = YES;
				GCC_WARN_UNUSED_VARIABLE = YES;
				IPHONEOS_DEPLOYMENT_TARGET = 14.4;
				MTL_ENABLE_DEBUG_INFO = NO;
				MTL_FAST_MATH = YES;
				SDKROOT = iphoneos;
				VALIDATE_PRODUCT = YES;
			};
			name = Release;
		};
		BE31D13F261D691F00537DB7 /* Debug */ = {
			isa = XCBuildConfiguration;
			buildSettings = {
				ASSETCATALOG_COMPILER_APPICON_NAME = AppIcon;
				ASSETCATALOG_COMPILER_GLOBAL_ACCENT_COLOR_NAME = AccentColor;
				CODE_SIGN_STYLE = Manual;
				DEVELOPMENT_TEAM = "";
				INFOPLIST_FILE = OCTestDemo/Info.plist;
				LD_RUNPATH_SEARCH_PATHS = (
					"$(inherited)",
					"@executable_path/Frameworks",
				);
				PRODUCT_BUNDLE_IDENTIFIER = com.kaisa.OCTestDemo;
				PRODUCT_NAME = "$(TARGET_NAME)";
				PROVISIONING_PROFILE_SPECIFIER = "";
				TARGETED_DEVICE_FAMILY = "1,2";
			};
			name = Debug;
		};
		BE31D140261D691F00537DB7 /* Release */ = {
			isa = XCBuildConfiguration;
			buildSettings = {
				ASSETCATALOG_COMPILER_APPICON_NAME = AppIcon;
				ASSETCATALOG_COMPILER_GLOBAL_ACCENT_COLOR_NAME = AccentColor;
				CODE_SIGN_STYLE = Manual;
				DEVELOPMENT_TEAM = "";
				INFOPLIST_FILE = OCTestDemo/Info.plist;
				LD_RUNPATH_SEARCH_PATHS = (
					"$(inherited)",
					"@executable_path/Frameworks",
				);
				PRODUCT_BUNDLE_IDENTIFIER = com.kaisa.OCTestDemo;
				PRODUCT_NAME = "$(TARGET_NAME)";
				PROVISIONING_PROFILE_SPECIFIER = "";
				TARGETED_DEVICE_FAMILY = "1,2";
			};
			name = Release;
		};
/* End XCBuildConfiguration section */

/* Begin XCConfigurationList section */
		BE31D120261D691C00537DB7 /* Build configuration list for PBXProject "OCTestDemo" */ = {
			isa = XCConfigurationList;
			buildConfigurations = (
				BE31D13C261D691F00537DB7 /* Debug */,
				BE31D13D261D691F00537DB7 /* Release */,
			);
			defaultConfigurationIsVisible = 0;
			defaultConfigurationName = Release;
		};
		BE31D13E261D691F00537DB7 /* Build configuration list for PBXNativeTarget "OCTestDemo" */ = {
			isa = XCConfigurationList;
			buildConfigurations = (
				BE31D13F261D691F00537DB7 /* Debug */,
				BE31D140261D691F00537DB7 /* Release */,
			);
			defaultConfigurationIsVisible = 0;
			defaultConfigurationName = Release;
		};
/* End XCConfigurationList section */
	};
	rootObject = BE31D11D261D691C00537DB7 /* Project object */;
}
